
Microsoft Visual Studio Solution File, Format Version 12.00
# Visual Studio 15
VisualStudioVersion = 15.0.28307.168
MinimumVisualStudioVersion = 10.0.40219.1
Project("{FAE04EC0-301F-11D3-BF4B-00C04F79EFBC}") = "Project_Alpha", "Project_Alpha\Project_Alpha.csproj", "{AA2AAAF4-ACCD-4805-AF7E-57CC8BE746C5}"
EndProject
Global
	GlobalSection(SolutionConfigurationPlatforms) = preSolution
		Debug|Any CPU = Debug|Any CPU
		Release|Any CPU = Release|Any CPU
	EndGlobalSection
	GlobalSection(ProjectConfigurationPlatforms) = postSolution
		{AA2AAAF4-ACCD-4805-AF7E-57CC8BE746C5}.Debug|Any CPU.ActiveCfg = Debug|Any CPU
		{AA2AAAF4-ACCD-4805-AF7E-57CC8BE746C5}.Debug|Any CPU.Build.0 = Debug|Any CPU
		{AA2AAAF4-ACCD-4805-AF7E-57CC8BE746C5}.Release|Any CPU.ActiveCfg = Release|Any CPU
		{AA2AAAF4-ACCD-4805-AF7E-57CC8BE746C5}.Release|Any CPU.Build.0 = Release|Any CPU
	EndGlobalSection
	GlobalSection(SolutionProperties) = preSolution
		HideSolutionNode = FALSE
	EndGlobalSection
	GlobalSection(ExtensibilityGlobals) = postSolution
		SolutionGuid = {E03D2693-2F41-44E5-964C-07CEFB92165A}
	EndGlobalSection
EndGlobal
